
Microsoft Visual Studio Solution File, Format Version 12.00
# Visual Studio 15
VisualStudioVersion = 15.0.27703.2035
MinimumVisualStudioVersion = 10.0.40219.1
Project("{FAE04EC0-301F-11D3-BF4B-00C04F79EFBC}") = "Poker.Graphgen", "Poker.Graphgen\Poker.Graphgen.csproj", "{2362DCE8-3FFD-44FD-9080-2FC48B523A4D}"
EndProject
Project("{FAE04EC0-301F-11D3-BF4B-00C04F79EFBC}") = "Poker.Player.App", "Poker.Player.App\Poker.Player.App.csproj", "{DE711945-D767-4A49-AD0C-6B5C5064E759}"
EndProject
Project("{FAE04EC0-301F-11D3-BF4B-00C04F79EFBC}") = "Poker.Graphgen.App", "Poker.Graphgen.App\Poker.Graphgen.App.csproj", "{B2C2846D-1E30-4FE2-893E-54D0DD249C0F}"
EndProject
Project("{FAE04EC0-301F-11D3-BF4B-00C04F79EFBC}") = "Poker.Datalayer", "Poker.Datalayer\Poker.Datalayer.csproj", "{CC364917-1EF1-45D5-8423-A2DCDE03EEEA}"
EndProject
Global
	GlobalSection(SolutionConfigurationPlatforms) = preSolution
		Debug|Any CPU = Debug|Any CPU
		Release|Any CPU = Release|Any CPU
	EndGlobalSection
	GlobalSection(ProjectConfigurationPlatforms) = postSolution
		{2362DCE8-3FFD-44FD-9080-2FC48B523A4D}.Debug|Any CPU.ActiveCfg = Debug|Any CPU
		{2362DCE8-3FFD-44FD-9080-2FC48B523A4D}.Debug|Any CPU.Build.0 = Debug|Any CPU
		{2362DCE8-3FFD-44FD-9080-2FC48B523A4D}.Release|Any CPU.ActiveCfg = Release|Any CPU
		{2362DCE8-3FFD-44FD-9080-2FC48B523A4D}.Release|Any CPU.Build.0 = Release|Any CPU
		{DE711945-D767-4A49-AD0C-6B5C5064E759}.Debug|Any CPU.ActiveCfg = Debug|Any CPU
		{DE711945-D767-4A49-AD0C-6B5C5064E759}.Debug|Any CPU.Build.0 = Debug|Any CPU
		{DE711945-D767-4A49-AD0C-6B5C5064E759}.Release|Any CPU.ActiveCfg = Release|Any CPU
		{DE711945-D767-4A49-AD0C-6B5C5064E759}.Release|Any CPU.Build.0 = Release|Any CPU
		{B2C2846D-1E30-4FE2-893E-54D0DD249C0F}.Debug|Any CPU.ActiveCfg = Debug|Any CPU
		{B2C2846D-1E30-4FE2-893E-54D0DD249C0F}.Debug|Any CPU.Build.0 = Debug|Any CPU
		{B2C2846D-1E30-4FE2-893E-54D0DD249C0F}.Release|Any CPU.ActiveCfg = Release|Any CPU
		{B2C2846D-1E30-4FE2-893E-54D0DD249C0F}.Release|Any CPU.Build.0 = Release|Any CPU
		{CC364917-1EF1-45D5-8423-A2DCDE03EEEA}.Debug|Any CPU.ActiveCfg = Debug|Any CPU
		{CC364917-1EF1-45D5-8423-A2DCDE03EEEA}.Debug|Any CPU.Build.0 = Debug|Any CPU
		{CC364917-1EF1-45D5-8423-A2DCDE03EEEA}.Release|Any CPU.ActiveCfg = Release|Any CPU
		{CC364917-1EF1-45D5-8423-A2DCDE03EEEA}.Release|Any CPU.Build.0 = Release|Any CPU
	EndGlobalSection
	GlobalSection(SolutionProperties) = preSolution
		HideSolutionNode = FALSE
	EndGlobalSection
	GlobalSection(ExtensibilityGlobals) = postSolution
		SolutionGuid = {98E40BFD-3FE5-4E55-9B6F-1449598B8CEA}
	EndGlobalSection
EndGlobal
